
Microsoft Visual Studio Solution File, Format Version 12.00
# Visual Studio Version 17
VisualStudioVersion = 17.8.34511.84
MinimumVisualStudioVersion = 10.0.40219.1
Project("{FAE04EC0-301F-11D3-BF4B-00C04F79EFBC}") = "(Thuc Hanh) Su dung toan tu", "Thuc Hanh - Bai Tap C#\(Thuc Hanh) Su dung toan tu.csproj", "{E0330F6A-ADFB-4974-8791-615790CDAEB2}"
EndProject
Project("{FAE04EC0-301F-11D3-BF4B-00C04F79EFBC}") = "(Bai tap) Hien thi loi chao", "(Bai tap) Hien thi loi chao\(Bai tap) Hien thi loi chao.csproj", "{F20C3A28-A6B6-4EBE-B5D3-744C4616D9D3}"
EndProject
Project("{FAE04EC0-301F-11D3-BF4B-00C04F79EFBC}") = "(Bai tap) Ung dung chuyen doi tien te", "(Bai tap) Ung dung chuyen doi tien te\(Bai tap) Ung dung chuyen doi tien te.csproj", "{DACFDFC0-D487-40A0-847A-3D4D47366543}"
EndProject
Global
	GlobalSection(SolutionConfigurationPlatforms) = preSolution
		Debug|Any CPU = Debug|Any CPU
		Release|Any CPU = Release|Any CPU
	EndGlobalSection
	GlobalSection(ProjectConfigurationPlatforms) = postSolution
		{E0330F6A-ADFB-4974-8791-615790CDAEB2}.Debug|Any CPU.ActiveCfg = Debug|Any CPU
		{E0330F6A-ADFB-4974-8791-615790CDAEB2}.Debug|Any CPU.Build.0 = Debug|Any CPU
		{E0330F6A-ADFB-4974-8791-615790CDAEB2}.Release|Any CPU.ActiveCfg = Release|Any CPU
		{E0330F6A-ADFB-4974-8791-615790CDAEB2}.Release|Any CPU.Build.0 = Release|Any CPU
		{F20C3A28-A6B6-4EBE-B5D3-744C4616D9D3}.Debug|Any CPU.ActiveCfg = Debug|Any CPU
		{F20C3A28-A6B6-4EBE-B5D3-744C4616D9D3}.Debug|Any CPU.Build.0 = Debug|Any CPU
		{F20C3A28-A6B6-4EBE-B5D3-744C4616D9D3}.Release|Any CPU.ActiveCfg = Release|Any CPU
		{F20C3A28-A6B6-4EBE-B5D3-744C4616D9D3}.Release|Any CPU.Build.0 = Release|Any CPU
		{DACFDFC0-D487-40A0-847A-3D4D47366543}.Debug|Any CPU.ActiveCfg = Debug|Any CPU
		{DACFDFC0-D487-40A0-847A-3D4D47366543}.Debug|Any CPU.Build.0 = Debug|Any CPU
		{DACFDFC0-D487-40A0-847A-3D4D47366543}.Release|Any CPU.ActiveCfg = Release|Any CPU
		{DACFDFC0-D487-40A0-847A-3D4D47366543}.Release|Any CPU.Build.0 = Release|Any CPU
	EndGlobalSection
	GlobalSection(SolutionProperties) = preSolution
		HideSolutionNode = FALSE
	EndGlobalSection
	GlobalSection(ExtensibilityGlobals) = postSolution
		SolutionGuid = {AB0ACAFD-60F8-4DD5-AD62-799628314ACD}
	EndGlobalSection
EndGlobal
